// !$*UTF8*$!
{
	archiveVersion = 1;
	classes = {
	};
	objectVersion = 46;
	objects = {

/* Begin PBXBuildFile section */
		6B235EB31D2CFA5900B47680 /* AppDelegate.swift in Sources */ = {isa = PBXBuildFile; fileRef = 6B235EB21D2CFA5900B47680 /* AppDelegate.swift */; };
		6B235EB51D2CFA5900B47680 /* ViewController.swift in Sources */ = {isa = PBXBuildFile; fileRef = 6B235EB41D2CFA5900B47680 /* ViewController.swift */; };
		6B235EB81D2CFA5900B47680 /* Main.storyboard in Resources */ = {isa = PBXBuildFile; fileRef = 6B235EB61D2CFA5900B47680 /* Main.storyboard */; };
		6B235EBA1D2CFA5900B47680 /* Assets.xcassets in Resources */ = {isa = PBXBuildFile; fileRef = 6B235EB91D2CFA5900B47680 /* Assets.xcassets */; };
		6B235EBD1D2CFA5900B47680 /* LaunchScreen.storyboard in Resources */ = {isa = PBXBuildFile; fileRef = 6B235EBB1D2CFA5900B47680 /* LaunchScreen.storyboard */; };
		6B235EC81D2CFA5900B47680 /* PageViewControllerTests.swift in Sources */ = {isa = PBXBuildFile; fileRef = 6B235EC71D2CFA5900B47680 /* PageViewControllerTests.swift */; };
		6B235ED31D2CFA5900B47680 /* PageViewControllerUITests.swift in Sources */ = {isa = PBXBuildFile; fileRef = 6B235ED21D2CFA5900B47680 /* PageViewControllerUITests.swift */; };
		6B235EE11D2CFB4000B47680 /* PageViewController.swift in Sources */ = {isa = PBXBuildFile; fileRef = 6B235EE01D2CFB4000B47680 /* PageViewController.swift */; };
		6B235EE31D2D025700B47680 /* UIViewController+extension.swift in Sources */ = {isa = PBXBuildFile; fileRef = 6B235EE21D2D025700B47680 /* UIViewController+extension.swift */; };
/* End PBXBuildFile section */

/* Begin PBXContainerItemProxy section */
		6B235EC41D2CFA5900B47680 /* PBXContainerItemProxy */ = {
			isa = PBXContainerItemProxy;
			containerPortal = 6B235EA71D2CFA5900B47680 /* Project object */;
			proxyType = 1;
			remoteGlobalIDString = 6B235EAE1D2CFA5900B47680;
			remoteInfo = PageViewController;
		};
		6B235ECF1D2CFA5900B47680 /* PBXContainerItemProxy */ = {
			isa = PBXContainerItemProxy;
			containerPortal = 6B235EA71D2CFA5900B47680 /* Project object */;
			proxyType = 1;
			remoteGlobalIDString = 6B235EAE1D2CFA5900B47680;
			remoteInfo = PageViewController;
		};
/* End PBXContainerItemProxy section */

/* Begin PBXFileReference section */
		6B235EAF1D2CFA5900B47680 /* PageViewController.app */ = {isa = PBXFileReference; explicitFileType = wrapper.application; includeInIndex = 0; path = PageViewController.app; sourceTree = BUILT_PRODUCTS_DIR; };
		6B235EB21D2CFA5900B47680 /* AppDelegate.swift */ = {isa = PBXFileReference; lastKnownFileType = sourcecode.swift; path = AppDelegate.swift; sourceTree = "<group>"; };
		6B235EB41D2CFA5900B47680 /* ViewController.swift */ = {isa = PBXFileReference; lastKnownFileType = sourcecode.swift; path = ViewController.swift; sourceTree = "<group>"; };
		6B235EB71D2CFA5900B47680 /* Base */ = {isa = PBXFileReference; lastKnownFileType = file.storyboard; name = Base; path = Base.lproj/Main.storyboard; sourceTree = "<group>"; };
		6B235EB91D2CFA5900B47680 /* Assets.xcassets */ = {isa = PBXFileReference; lastKnownFileType = folder.assetcatalog; path = Assets.xcassets; sourceTree = "<group>"; };
		6B235EBC1D2CFA5900B47680 /* Base */ = {isa = PBXFileReference; lastKnownFileType = file.storyboard; name = Base; path = Base.lproj/LaunchScreen.storyboard; sourceTree = "<group>"; };
		6B235EBE1D2CFA5900B47680 /* Info.plist */ = {isa = PBXFileReference; lastKnownFileType = text.plist.xml; path = Info.plist; sourceTree = "<group>"; };
		6B235EC31D2CFA5900B47680 /* PageViewControllerTests.xctest */ = {isa = PBXFileReference; explicitFileType = wrapper.cfbundle; includeInIndex = 0; path = PageViewControllerTests.xctest; sourceTree = BUILT_PRODUCTS_DIR; };
		6B235EC71D2CFA5900B47680 /* PageViewControllerTests.swift */ = {isa = PBXFileReference; lastKnownFileType = sourcecode.swift; path = PageViewControllerTests.swift; sourceTree = "<group>"; };
		6B235EC91D2CFA5900B47680 /* Info.plist */ = {isa = PBXFileReference; lastKnownFileType = text.plist.xml; path = Info.plist; sourceTree = "<group>"; };
		6B235ECE1D2CFA5900B47680 /* PageViewControllerUITests.xctest */ = {isa = PBXFileReference; explicitFileType = wrapper.cfbundle; includeInIndex = 0; path = PageViewControllerUITests.xctest; sourceTree = BUILT_PRODUCTS_DIR; };
		6B235ED21D2CFA5900B47680 /* PageViewControllerUITests.swift */ = {isa = PBXFileReference; lastKnownFileType = sourcecode.swift; path = PageViewControllerUITests.swift; sourceTree = "<group>"; };
		6B235ED41D2CFA5900B47680 /* Info.plist */ = {isa = PBXFileReference; lastKnownFileType = text.plist.xml; path = Info.plist; sourceTree = "<group>"; };
		6B235EE01D2CFB4000B47680 /* PageViewController.swift */ = {isa = PBXFileReference; fileEncoding = 4; lastKnownFileType = sourcecode.swift; path = PageViewController.swift; sourceTree = "<group>"; };
		6B235EE21D2D025700B47680 /* UIViewController+extension.swift */ = {isa = PBXFileReference; fileEncoding = 4; lastKnownFileType = sourcecode.swift; path = "UIViewController+extension.swift"; sourceTree = "<group>"; };
/* End PBXFileReference section */

/* Begin PBXFrameworksBuildPhase section */
		6B235EAC1D2CFA5900B47680 /* Frameworks */ = {
			isa = PBXFrameworksBuildPhase;
			buildActionMask = 2147483647;
			files = (
			);
			runOnlyForDeploymentPostprocessing = 0;
		};
		6B235EC01D2CFA5900B47680 /* Frameworks */ = {
			isa = PBXFrameworksBuildPhase;
			buildActionMask = 2147483647;
			files = (
			);
			runOnlyForDeploymentPostprocessing = 0;
		};
		6B235ECB1D2CFA5900B47680 /* Frameworks */ = {
			isa = PBXFrameworksBuildPhase;
			buildActionMask = 2147483647;
			files = (
			);
			runOnlyForDeploymentPostprocessing = 0;
		};
/* End PBXFrameworksBuildPhase section */

/* Begin PBXGroup section */
		6B235EA61D2CFA5900B47680 = {
			isa = PBXGroup;
			children = (
				6B235EB11D2CFA5900B47680 /* PageViewController */,
				6B235EC61D2CFA5900B47680 /* PageViewControllerTests */,
				6B235ED11D2CFA5900B47680 /* PageViewControllerUITests */,
				6B235EB01D2CFA5900B47680 /* Products */,
			);
			sourceTree = "<group>";
		};
		6B235EB01D2CFA5900B47680 /* Products */ = {
			isa = PBXGroup;
			children = (
				6B235EAF1D2CFA5900B47680 /* PageViewController.app */,
				6B235EC31D2CFA5900B47680 /* PageViewControllerTests.xctest */,
				6B235ECE1D2CFA5900B47680 /* PageViewControllerUITests.xctest */,
			);
			name = Products;
			sourceTree = "<group>";
		};
		6B235EB11D2CFA5900B47680 /* PageViewController */ = {
			isa = PBXGroup;
			children = (
				6B235EB21D2CFA5900B47680 /* AppDelegate.swift */,
				6B235EB41D2CFA5900B47680 /* ViewController.swift */,
				6B235EB61D2CFA5900B47680 /* Main.storyboard */,
				6B235EB91D2CFA5900B47680 /* Assets.xcassets */,
				6B235EBB1D2CFA5900B47680 /* LaunchScreen.storyboard */,
				6B235EBE1D2CFA5900B47680 /* Info.plist */,
				6B235EE01D2CFB4000B47680 /* PageViewController.swift */,
				6B235EE21D2D025700B47680 /* UIViewController+extension.swift */,
			);
			path = PageViewController;
			sourceTree = "<group>";
		};
		6B235EC61D2CFA5900B47680 /* PageViewControllerTests */ = {
			isa = PBXGroup;
			children = (
				6B235EC71D2CFA5900B47680 /* PageViewControllerTests.swift */,
				6B235EC91D2CFA5900B47680 /* Info.plist */,
			);
			path = PageViewControllerTests;
			sourceTree = "<group>";
		};
		6B235ED11D2CFA5900B47680 /* PageViewControllerUITests */ = {
			isa = PBXGroup;
			children = (
				6B235ED21D2CFA5900B47680 /* PageViewControllerUITests.swift */,
				6B235ED41D2CFA5900B47680 /* Info.plist */,
			);
			path = PageViewControllerUITests;
			sourceTree = "<group>";
		};
/* End PBXGroup section */

/* Begin PBXNativeTarget section */
		6B235EAE1D2CFA5900B47680 /* PageViewController */ = {
			isa = PBXNativeTarget;
			buildConfigurationList = 6B235ED71D2CFA5900B47680 /* Build configuration list for PBXNativeTarget "PageViewController" */;
			buildPhases = (
				6B235EAB1D2CFA5900B47680 /* Sources */,
				6B235EAC1D2CFA5900B47680 /* Frameworks */,
				6B235EAD1D2CFA5900B47680 /* Resources */,
			);
			buildRules = (
			);
			dependencies = (
			);
			name = PageViewController;
			productName = PageViewController;
			productReference = 6B235EAF1D2CFA5900B47680 /* PageViewController.app */;
			productType = "com.apple.product-type.application";
		};
		6B235EC21D2CFA5900B47680 /* PageViewControllerTests */ = {
			isa = PBXNativeTarget;
			buildConfigurationList = 6B235EDA1D2CFA5900B47680 /* Build configuration list for PBXNativeTarget "PageViewControllerTests" */;
			buildPhases = (
				6B235EBF1D2CFA5900B47680 /* Sources */,
				6B235EC01D2CFA5900B47680 /* Frameworks */,
				6B235EC11D2CFA5900B47680 /* Resources */,
			);
			buildRules = (
			);
			dependencies = (
				6B235EC51D2CFA5900B47680 /* PBXTargetDependency */,
			);
			name = PageViewControllerTests;
			productName = PageViewControllerTests;
			productReference = 6B235EC31D2CFA5900B47680 /* PageViewControllerTests.xctest */;
			productType = "com.apple.product-type.bundle.unit-test";
		};
		6B235ECD1D2CFA5900B47680 /* PageViewControllerUITests */ = {
			isa = PBXNativeTarget;
			buildConfigurationList = 6B235EDD1D2CFA5900B47680 /* Build configuration list for PBXNativeTarget "PageViewControllerUITests" */;
			buildPhases = (
				6B235ECA1D2CFA5900B47680 /* Sources */,
				6B235ECB1D2CFA5900B47680 /* Frameworks */,
				6B235ECC1D2CFA5900B47680 /* Resources */,
			);
			buildRules = (
			);
			dependencies = (
				6B235ED01D2CFA5900B47680 /* PBXTargetDependency */,
			);
			name = PageViewControllerUITests;
			productName = PageViewControllerUITests;
			productReference = 6B235ECE1D2CFA5900B47680 /* PageViewControllerUITests.xctest */;
			productType = "com.apple.product-type.bundle.ui-testing";
		};
/* End PBXNativeTarget section */

/* Begin PBXProject section */
		6B235EA71D2CFA5900B47680 /* Project object */ = {
			isa = PBXProject;
			attributes = {
				LastSwiftUpdateCheck = 0730;
				LastUpgradeCheck = 0730;
				ORGANIZATIONNAME = Menglingfeng;
				TargetAttributes = {
					6B235EAE1D2CFA5900B47680 = {
						CreatedOnToolsVersion = 7.3.1;
					};
					6B235EC21D2CFA5900B47680 = {
						CreatedOnToolsVersion = 7.3.1;
						TestTargetID = 6B235EAE1D2CFA5900B47680;
					};
					6B235ECD1D2CFA5900B47680 = {
						CreatedOnToolsVersion = 7.3.1;
						TestTargetID = 6B235EAE1D2CFA5900B47680;
					};
				};
			};
			buildConfigurationList = 6B235EAA1D2CFA5900B47680 /* Build configuration list for PBXProject "PageViewController" */;
			compatibilityVersion = "Xcode 3.2";
			developmentRegion = English;
			hasScannedForEncodings = 0;
			knownRegions = (
				en,
				Base,
			);
			mainGroup = 6B235EA61D2CFA5900B47680;
			productRefGroup = 6B235EB01D2CFA5900B47680 /* Products */;
			projectDirPath = "";
			projectRoot = "";
			targets = (
				6B235EAE1D2CFA5900B47680 /* PageViewController */,
				6B235EC21D2CFA5900B47680 /* PageViewControllerTests */,
				6B235ECD1D2CFA5900B47680 /* PageViewControllerUITests */,
			);
		};
/* End PBXProject section */

/* Begin PBXResourcesBuildPhase section */
		6B235EAD1D2CFA5900B47680 /* Resources */ = {
			isa = PBXResourcesBuildPhase;
			buildActionMask = 2147483647;
			files = (
				6B235EBD1D2CFA5900B47680 /* LaunchScreen.storyboard in Resources */,
				6B235EBA1D2CFA5900B47680 /* Assets.xcassets in Resources */,
				6B235EB81D2CFA5900B47680 /* Main.storyboard in Resources */,
			);
			runOnlyForDeploymentPostprocessing = 0;
		};
		6B235EC11D2CFA5900B47680 /* Resources */ = {
			isa = PBXResourcesBuildPhase;
			buildActionMask = 2147483647;
			files = (
			);
			runOnlyForDeploymentPostprocessing = 0;
		};
		6B235ECC1D2CFA5900B47680 /* Resources */ = {
			isa = PBXResourcesBuildPhase;
			buildActionMask = 2147483647;
			files = (
			);
			runOnlyForDeploymentPostprocessing = 0;
		};
/* End PBXResourcesBuildPhase section */

/* Begin PBXSourcesBuildPhase section */
		6B235EAB1D2CFA5900B47680 /* Sources */ = {
			isa = PBXSourcesBuildPhase;
			buildActionMask = 2147483647;
			files = (
				6B235EE31D2D025700B47680 /* UIViewController+extension.swift in Sources */,
				6B235EE11D2CFB4000B47680 /* PageViewController.swift in Sources */,
				6B235EB51D2CFA5900B47680 /* ViewController.swift in Sources */,
				6B235EB31D2CFA5900B47680 /* AppDelegate.swift in Sources */,
			);
			runOnlyForDeploymentPostprocessing = 0;
		};
		6B235EBF1D2CFA5900B47680 /* Sources */ = {
			isa = PBXSourcesBuildPhase;
			buildActionMask = 2147483647;
			files = (
				6B235EC81D2CFA5900B47680 /* PageViewControllerTests.swift in Sources */,
			);
			runOnlyForDeploymentPostprocessing = 0;
		};
		6B235ECA1D2CFA5900B47680 /* Sources */ = {
			isa = PBXSourcesBuildPhase;
			buildActionMask = 2147483647;
			files = (
				6B235ED31D2CFA5900B47680 /* PageViewControllerUITests.swift in Sources */,
			);
			runOnlyForDeploymentPostprocessing = 0;
		};
/* End PBXSourcesBuildPhase section */

/* Begin PBXTargetDependency section */
		6B235EC51D2CFA5900B47680 /* PBXTargetDependency */ = {
			isa = PBXTargetDependency;
			target = 6B235EAE1D2CFA5900B47680 /* PageViewController */;
			targetProxy = 6B235EC41D2CFA5900B47680 /* PBXContainerItemProxy */;
		};
		6B235ED01D2CFA5900B47680 /* PBXTargetDependency */ = {
			isa = PBXTargetDependency;
			target = 6B235EAE1D2CFA5900B47680 /* PageViewController */;
			targetProxy = 6B235ECF1D2CFA5900B47680 /* PBXContainerItemProxy */;
		};
/* End PBXTargetDependency section */

/* Begin PBXVariantGroup section */
		6B235EB61D2CFA5900B47680 /* Main.storyboard */ = {
			isa = PBXVariantGroup;
			children = (
				6B235EB71D2CFA5900B47680 /* Base */,
			);
			name = Main.storyboard;
			sourceTree = "<group>";
		};
		6B235EBB1D2CFA5900B47680 /* LaunchScreen.storyboard */ = {
			isa = PBXVariantGroup;
			children = (
				6B235EBC1D2CFA5900B47680 /* Base */,
			);
			name = LaunchScreen.storyboard;
			sourceTree = "<group>";
		};
/* End PBXVariantGroup section */

/* Begin XCBuildConfiguration section */
		6B235ED51D2CFA5900B47680 /* Debug */ = {
			isa = XCBuildConfiguration;
			buildSettings = {
				ALWAYS_SEARCH_USER_PATHS = NO;
				CLANG_ANALYZER_NONNULL = YES;
				CLANG_CXX_LANGUAGE_STANDARD = "gnu++0x";
				CLANG_CXX_LIBRARY = "libc++";
				CLANG_ENABLE_MODULES = YES;
				CLANG_ENABLE_OBJC_ARC = YES;
				CLANG_WARN_BOOL_CONVERSION = YES;
				CLANG_WARN_CONSTANT_CONVERSION = YES;
				CLANG_WARN_DIRECT_OBJC_ISA_USAGE = YES_ERROR;
				CLANG_WARN_EMPTY_BODY = YES;
				CLANG_WARN_ENUM_CONVERSION = YES;
				CLANG_WARN_INT_CONVERSION = YES;
				CLANG_WARN_OBJC_ROOT_CLASS = YES_ERROR;
				CLANG_WARN_UNREACHABLE_CODE = YES;
				CLANG_WARN__DUPLICATE_METHOD_MATCH = YES;
				"CODE_SIGN_IDENTITY[sdk=iphoneos*]" = "iPhone Developer";
				COPY_PHASE_STRIP = NO;
				DEBUG_INFORMATION_FORMAT = dwarf;
				ENABLE_STRICT_OBJC_MSGSEND = YES;
				ENABLE_TESTABILITY = YES;
				GCC_C_LANGUAGE_STANDARD = gnu99;
				GCC_DYNAMIC_NO_PIC = NO;
				GCC_NO_COMMON_BLOCKS = YES;
				GCC_OPTIMIZATION_LEVEL = 0;
				GCC_PREPROCESSOR_DEFINITIONS = (
					"DEBUG=1",
					"$(inherited)",
				);
				GCC_WARN_64_TO_32_BIT_CONVERSION = YES;
				GCC_WARN_ABOUT_RETURN_TYPE = YES_ERROR;
				GCC_WARN_UNDECLARED_SELECTOR = YES;
				GCC_WARN_UNINITIALIZED_AUTOS = YES_AGGRESSIVE;
				GCC_WARN_UNUSED_FUNCTION = YES;
				GCC_WARN_UNUSED_VARIABLE = YES;
				IPHONEOS_DEPLOYMENT_TARGET = 9.3;
				MTL_ENABLE_DEBUG_INFO = YES;
				ONLY_ACTIVE_ARCH = YES;
				SDKROOT = iphoneos;
				SWIFT_OPTIMIZATION_LEVEL = "-Onone";
				TARGETED_DEVICE_FAMILY = "1,2";
			};
			name = Debug;
		};
		6B235ED61D2CFA5900B47680 /* Release */ = {
			isa = XCBuildConfiguration;
			buildSettings = {
				ALWAYS_SEARCH_USER_PATHS = NO;
				CLANG_ANALYZER_NONNULL = YES;
				CLANG_CXX_LANGUAGE_STANDARD = "gnu++0x";
				CLANG_CXX_LIBRARY = "libc++";
				CLANG_ENABLE_MODULES = YES;
				CLANG_ENABLE_OBJC_ARC = YES;
				CLANG_WARN_BOOL_CONVERSION = YES;
				CLANG_WARN_CONSTANT_CONVERSION = YES;
				CLANG_WARN_DIRECT_OBJC_ISA_USAGE = YES_ERROR;
				CLANG_WARN_EMPTY_BODY = YES;
				CLANG_WARN_ENUM_CONVERSION = YES;
				CLANG_WARN_INT_CONVERSION = YES;
				CLANG_WARN_OBJC_ROOT_CLASS = YES_ERROR;
				CLANG_WARN_UNREACHABLE_CODE = YES;
				CLANG_WARN__DUPLICATE_METHOD_MATCH = YES;
				"CODE_SIGN_IDENTITY[sdk=iphoneos*]" = "iPhone Developer";
				COPY_PHASE_STRIP = NO;
				DEBUG_INFORMATION_FORMAT = "dwarf-with-dsym";
				ENABLE_NS_ASSERTIONS = NO;
				ENABLE_STRICT_OBJC_MSGSEND = YES;
				GCC_C_LANGUAGE_STANDARD = gnu99;
				GCC_NO_COMMON_BLOCKS = YES;
				GCC_WARN_64_TO_32_BIT_CONVERSION = YES;
				GCC_WARN_ABOUT_RETURN_TYPE = YES_ERROR;
				GCC_WARN_UNDECLARED_SELECTOR = YES;
				GCC_WARN_UNINITIALIZED_AUTOS = YES_AGGRESSIVE;
				GCC_WARN_UNUSED_FUNCTION = YES;
				GCC_WARN_UNUSED_VARIABLE = YES;
				IPHONEOS_DEPLOYMENT_TARGET = 9.3;
				MTL_ENABLE_DEBUG_INFO = NO;
				SDKROOT = iphoneos;
				TARGETED_DEVICE_FAMILY = "1,2";
				VALIDATE_PRODUCT = YES;
			};
			name = Release;
		};
		6B235ED81D2CFA5900B47680 /* Debug */ = {
			isa = XCBuildConfiguration;
			buildSettings = {
				ASSETCATALOG_COMPILER_APPICON_NAME = AppIcon;
				INFOPLIST_FILE = PageViewController/Info.plist;
				IPHONEOS_DEPLOYMENT_TARGET = 8.0;
				LD_RUNPATH_SEARCH_PATHS = "$(inherited) @executable_path/Frameworks";
				PRODUCT_BUNDLE_IDENTIFIER = com.select.PageViewController;
				PRODUCT_NAME = "$(TARGET_NAME)";
			};
			name = Debug;
		};
		6B235ED91D2CFA5900B47680 /* Release */ = {
			isa = XCBuildConfiguration;
			buildSettings = {
				ASSETCATALOG_COMPILER_APPICON_NAME = AppIcon;
				INFOPLIST_FILE = PageViewController/Info.plist;
				IPHONEOS_DEPLOYMENT_TARGET = 8.0;
				LD_RUNPATH_SEARCH_PATHS = "$(inherited) @executable_path/Frameworks";
				PRODUCT_BUNDLE_IDENTIFIER = com.select.PageViewController;
				PRODUCT_NAME = "$(TARGET_NAME)";
			};
			name = Release;
		};
		6B235EDB1D2CFA5900B47680 /* Debug */ = {
			isa = XCBuildConfiguration;
			buildSettings = {
				BUNDLE_LOADER = "$(TEST_HOST)";
				INFOPLIST_FILE = PageViewControllerTests/Info.plist;
				LD_RUNPATH_SEARCH_PATHS = "$(inherited) @executable_path/Frameworks @loader_path/Frameworks";
				PRODUCT_BUNDLE_IDENTIFIER = com.select.PageViewControllerTests;
				PRODUCT_NAME = "$(TARGET_NAME)";
				TEST_HOST = "$(BUILT_PRODUCTS_DIR)/PageViewController.app/PageViewController";
			};
			name = Debug;
		};
		6B235EDC1D2CFA5900B47680 /* Release */ = {
			isa = XCBuildConfiguration;
			buildSettings = {
				BUNDLE_LOADER = "$(TEST_HOST)";
				INFOPLIST_FILE = PageViewControllerTests/Info.plist;
				LD_RUNPATH_SEARCH_PATHS = "$(inherited) @executable_path/Frameworks @loader_path/Frameworks";
				PRODUCT_BUNDLE_IDENTIFIER = com.select.PageViewControllerTests;
				PRODUCT_NAME = "$(TARGET_NAME)";
				TEST_HOST = "$(BUILT_PRODUCTS_DIR)/PageViewController.app/PageViewController";
			};
			name = Release;
		};
		6B235EDE1D2CFA5900B47680 /* Debug */ = {
			isa = XCBuildConfiguration;
			buildSettings = {
				INFOPLIST_FILE = PageViewControllerUITests/Info.plist;
				LD_RUNPATH_SEARCH_PATHS = "$(inherited) @executable_path/Frameworks @loader_path/Frameworks";
				PRODUCT_BUNDLE_IDENTIFIER = com.select.PageViewControllerUITests;
				PRODUCT_NAME = "$(TARGET_NAME)";
				TEST_TARGET_NAME = PageViewController;
			};
			name = Debug;
		};
		6B235EDF1D2CFA5900B47680 /* Release */ = {
			isa = XCBuildConfiguration;
			buildSettings = {
				INFOPLIST_FILE = PageViewControllerUITests/Info.plist;
				LD_RUNPATH_SEARCH_PATHS = "$(inherited) @executable_path/Frameworks @loader_path/Frameworks";
				PRODUCT_BUNDLE_IDENTIFIER = com.select.PageViewControllerUITests;
				PRODUCT_NAME = "$(TARGET_NAME)";
				TEST_TARGET_NAME = PageViewController;
			};
			name = Release;
		};
/* End XCBuildConfiguration section */

/* Begin XCConfigurationList section */
		6B235EAA1D2CFA5900B47680 /* Build configuration list for PBXProject "PageViewController" */ = {
			isa = XCConfigurationList;
			buildConfigurations = (
				6B235ED51D2CFA5900B47680 /* Debug */,
				6B235ED61D2CFA5900B47680 /* Release */,
			);
			defaultConfigurationIsVisible = 0;
			defaultConfigurationName = Release;
		};
		6B235ED71D2CFA5900B47680 /* Build configuration list for PBXNativeTarget "PageViewController" */ = {
			isa = XCConfigurationList;
			buildConfigurations = (
				6B235ED81D2CFA5900B47680 /* Debug */,
				6B235ED91D2CFA5900B47680 /* Release */,
			);
			defaultConfigurationIsVisible = 0;
		};
		6B235EDA1D2CFA5900B47680 /* Build configuration list for PBXNativeTarget "PageViewControllerTests" */ = {
			isa = XCConfigurationList;
			buildConfigurations = (
				6B235EDB1D2CFA5900B47680 /* Debug */,
				6B235EDC1D2CFA5900B47680 /* Release */,
			);
			defaultConfigurationIsVisible = 0;
		};
		6B235EDD1D2CFA5900B47680 /* Build configuration list for PBXNativeTarget "PageViewControllerUITests" */ = {
			isa = XCConfigurationList;
			buildConfigurations = (
				6B235EDE1D2CFA5900B47680 /* Debug */,
				6B235EDF1D2CFA5900B47680 /* Release */,
			);
			defaultConfigurationIsVisible = 0;
		};
/* End XCConfigurationList section */
	};
	rootObject = 6B235EA71D2CFA5900B47680 /* Project object */;
}
